
Microsoft Visual Studio Solution File, Format Version 12.00
# Visual Studio 15
VisualStudioVersion = 15.0.28307.572
MinimumVisualStudioVersion = 10.0.40219.1
Project("{FAE04EC0-301F-11D3-BF4B-00C04F79EFBC}") = "Events.BOL", "Events.BOL\Events.BOL.csproj", "{FEF14512-D097-4D75-B997-7081CAA9D151}"
EndProject
Global
	GlobalSection(SolutionConfigurationPlatforms) = preSolution
		Debug|Any CPU = Debug|Any CPU
		Release|Any CPU = Release|Any CPU
	EndGlobalSection
	GlobalSection(ProjectConfigurationPlatforms) = postSolution
		{FEF14512-D097-4D75-B997-7081CAA9D151}.Debug|Any CPU.ActiveCfg = Debug|Any CPU
		{FEF14512-D097-4D75-B997-7081CAA9D151}.Debug|Any CPU.Build.0 = Debug|Any CPU
		{FEF14512-D097-4D75-B997-7081CAA9D151}.Release|Any CPU.ActiveCfg = Release|Any CPU
		{FEF14512-D097-4D75-B997-7081CAA9D151}.Release|Any CPU.Build.0 = Release|Any CPU
	EndGlobalSection
	GlobalSection(SolutionProperties) = preSolution
		HideSolutionNode = FALSE
	EndGlobalSection
	GlobalSection(ExtensibilityGlobals) = postSolution
		SolutionGuid = {6D5DB7C3-DDF7-4841-BD7E-04F3C10063C7}
	EndGlobalSection
EndGlobal
